// !$*UTF8*$!
{
	archiveVersion = 1;
	classes = {
	};
	objectVersion = 46;
	objects = {

/* Begin PBXBuildFile section */
		881FBC1D1A2A34DE00B8639F /* AppDelegate.swift in Sources */ = {isa = PBXBuildFile; fileRef = 881FBC1C1A2A34DE00B8639F /* AppDelegate.swift */; };
		881FBC1F1A2A34DE00B8639F /* ViewController.swift in Sources */ = {isa = PBXBuildFile; fileRef = 881FBC1E1A2A34DE00B8639F /* ViewController.swift */; };
		881FBC221A2A34DE00B8639F /* Main.storyboard in Resources */ = {isa = PBXBuildFile; fileRef = 881FBC201A2A34DE00B8639F /* Main.storyboard */; };
		881FBC241A2A34DE00B8639F /* Images.xcassets in Resources */ = {isa = PBXBuildFile; fileRef = 881FBC231A2A34DE00B8639F /* Images.xcassets */; };
		881FBC271A2A34DE00B8639F /* LaunchScreen.xib in Resources */ = {isa = PBXBuildFile; fileRef = 881FBC251A2A34DE00B8639F /* LaunchScreen.xib */; };
		881FBC331A2A34DE00B8639F /* swiftTimerAppBetaTests.swift in Sources */ = {isa = PBXBuildFile; fileRef = 881FBC321A2A34DE00B8639F /* swiftTimerAppBetaTests.swift */; };
		881FBC3D1A2A6BBA00B8639F /* SavedTimesTableViewController.swift in Sources */ = {isa = PBXBuildFile; fileRef = 881FBC3C1A2A6BBA00B8639F /* SavedTimesTableViewController.swift */; };
/* End PBXBuildFile section */

/* Begin PBXContainerItemProxy section */
		881FBC2D1A2A34DE00B8639F /* PBXContainerItemProxy */ = {
			isa = PBXContainerItemProxy;
			containerPortal = 881FBC0F1A2A34DE00B8639F /* Project object */;
			proxyType = 1;
			remoteGlobalIDString = 881FBC161A2A34DE00B8639F;
			remoteInfo = swiftTimerAppBeta;
		};
/* End PBXContainerItemProxy section */

/* Begin PBXFileReference section */
		881FBC171A2A34DE00B8639F /* swiftTimerAppBeta.app */ = {isa = PBXFileReference; explicitFileType = wrapper.application; includeInIndex = 0; path = swiftTimerAppBeta.app; sourceTree = BUILT_PRODUCTS_DIR; };
		881FBC1B1A2A34DE00B8639F /* Info.plist */ = {isa = PBXFileReference; lastKnownFileType = text.plist.xml; path = Info.plist; sourceTree = "<group>"; };
		881FBC1C1A2A34DE00B8639F /* AppDelegate.swift */ = {isa = PBXFileReference; lastKnownFileType = sourcecode.swift; path = AppDelegate.swift; sourceTree = "<group>"; };
		881FBC1E1A2A34DE00B8639F /* ViewController.swift */ = {isa = PBXFileReference; lastKnownFileType = sourcecode.swift; path = ViewController.swift; sourceTree = "<group>"; };
		881FBC211A2A34DE00B8639F /* Base */ = {isa = PBXFileReference; lastKnownFileType = file.storyboard; name = Base; path = Base.lproj/Main.storyboard; sourceTree = "<group>"; };
		881FBC231A2A34DE00B8639F /* Images.xcassets */ = {isa = PBXFileReference; lastKnownFileType = folder.assetcatalog; path = Images.xcassets; sourceTree = "<group>"; };
		881FBC261A2A34DE00B8639F /* Base */ = {isa = PBXFileReference; lastKnownFileType = file.xib; name = Base; path = Base.lproj/LaunchScreen.xib; sourceTree = "<group>"; };
		881FBC2C1A2A34DE00B8639F /* swiftTimerAppBetaTests.xctest */ = {isa = PBXFileReference; explicitFileType = wrapper.cfbundle; includeInIndex = 0; path = swiftTimerAppBetaTests.xctest; sourceTree = BUILT_PRODUCTS_DIR; };
		881FBC311A2A34DE00B8639F /* Info.plist */ = {isa = PBXFileReference; lastKnownFileType = text.plist.xml; path = Info.plist; sourceTree = "<group>"; };
		881FBC321A2A34DE00B8639F /* swiftTimerAppBetaTests.swift */ = {isa = PBXFileReference; lastKnownFileType = sourcecode.swift; path = swiftTimerAppBetaTests.swift; sourceTree = "<group>"; };
		881FBC3C1A2A6BBA00B8639F /* SavedTimesTableViewController.swift */ = {isa = PBXFileReference; fileEncoding = 4; lastKnownFileType = sourcecode.swift; path = SavedTimesTableViewController.swift; sourceTree = "<group>"; };
/* End PBXFileReference section */

/* Begin PBXFrameworksBuildPhase section */
		881FBC141A2A34DE00B8639F /* Frameworks */ = {
			isa = PBXFrameworksBuildPhase;
			buildActionMask = 2147483647;
			files = (
			);
			runOnlyForDeploymentPostprocessing = 0;
		};
		881FBC291A2A34DE00B8639F /* Frameworks */ = {
			isa = PBXFrameworksBuildPhase;
			buildActionMask = 2147483647;
			files = (
			);
			runOnlyForDeploymentPostprocessing = 0;
		};
/* End PBXFrameworksBuildPhase section */

/* Begin PBXGroup section */
		881FBC0E1A2A34DE00B8639F = {
			isa = PBXGroup;
			children = (
				881FBC191A2A34DE00B8639F /* swiftTimerAppBeta */,
				881FBC2F1A2A34DE00B8639F /* swiftTimerAppBetaTests */,
				881FBC181A2A34DE00B8639F /* Products */,
			);
			sourceTree = "<group>";
		};
		881FBC181A2A34DE00B8639F /* Products */ = {
			isa = PBXGroup;
			children = (
				881FBC171A2A34DE00B8639F /* swiftTimerAppBeta.app */,
				881FBC2C1A2A34DE00B8639F /* swiftTimerAppBetaTests.xctest */,
			);
			name = Products;
			sourceTree = "<group>";
		};
		881FBC191A2A34DE00B8639F /* swiftTimerAppBeta */ = {
			isa = PBXGroup;
			children = (
				881FBC1C1A2A34DE00B8639F /* AppDelegate.swift */,
				881FBC1E1A2A34DE00B8639F /* ViewController.swift */,
				881FBC3C1A2A6BBA00B8639F /* SavedTimesTableViewController.swift */,
				881FBC201A2A34DE00B8639F /* Main.storyboard */,
				881FBC231A2A34DE00B8639F /* Images.xcassets */,
				881FBC251A2A34DE00B8639F /* LaunchScreen.xib */,
				881FBC1A1A2A34DE00B8639F /* Supporting Files */,
			);
			path = swiftTimerAppBeta;
			sourceTree = "<group>";
		};
		881FBC1A1A2A34DE00B8639F /* Supporting Files */ = {
			isa = PBXGroup;
			children = (
				881FBC1B1A2A34DE00B8639F /* Info.plist */,
			);
			name = "Supporting Files";
			sourceTree = "<group>";
		};
		881FBC2F1A2A34DE00B8639F /* swiftTimerAppBetaTests */ = {
			isa = PBXGroup;
			children = (
				881FBC321A2A34DE00B8639F /* swiftTimerAppBetaTests.swift */,
				881FBC301A2A34DE00B8639F /* Supporting Files */,
			);
			path = swiftTimerAppBetaTests;
			sourceTree = "<group>";
		};
		881FBC301A2A34DE00B8639F /* Supporting Files */ = {
			isa = PBXGroup;
			children = (
				881FBC311A2A34DE00B8639F /* Info.plist */,
			);
			name = "Supporting Files";
			sourceTree = "<group>";
		};
/* End PBXGroup section */

/* Begin PBXNativeTarget section */
		881FBC161A2A34DE00B8639F /* swiftTimerAppBeta */ = {
			isa = PBXNativeTarget;
			buildConfigurationList = 881FBC361A2A34DE00B8639F /* Build configuration list for PBXNativeTarget "swiftTimerAppBeta" */;
			buildPhases = (
				881FBC131A2A34DE00B8639F /* Sources */,
				881FBC141A2A34DE00B8639F /* Frameworks */,
				881FBC151A2A34DE00B8639F /* Resources */,
			);
			buildRules = (
			);
			dependencies = (
			);
			name = swiftTimerAppBeta;
			productName = swiftTimerAppBeta;
			productReference = 881FBC171A2A34DE00B8639F /* swiftTimerAppBeta.app */;
			productType = "com.apple.product-type.application";
		};
		881FBC2B1A2A34DE00B8639F /* swiftTimerAppBetaTests */ = {
			isa = PBXNativeTarget;
			buildConfigurationList = 881FBC391A2A34DE00B8639F /* Build configuration list for PBXNativeTarget "swiftTimerAppBetaTests" */;
			buildPhases = (
				881FBC281A2A34DE00B8639F /* Sources */,
				881FBC291A2A34DE00B8639F /* Frameworks */,
				881FBC2A1A2A34DE00B8639F /* Resources */,
			);
			buildRules = (
			);
			dependencies = (
				881FBC2E1A2A34DE00B8639F /* PBXTargetDependency */,
			);
			name = swiftTimerAppBetaTests;
			productName = swiftTimerAppBetaTests;
			productReference = 881FBC2C1A2A34DE00B8639F /* swiftTimerAppBetaTests.xctest */;
			productType = "com.apple.product-type.bundle.unit-test";
		};
/* End PBXNativeTarget section */

/* Begin PBXProject section */
		881FBC0F1A2A34DE00B8639F /* Project object */ = {
			isa = PBXProject;
			attributes = {
				LastUpgradeCheck = 0610;
				ORGANIZATIONNAME = Qlovur;
				TargetAttributes = {
					881FBC161A2A34DE00B8639F = {
						CreatedOnToolsVersion = 6.1;
					};
					881FBC2B1A2A34DE00B8639F = {
						CreatedOnToolsVersion = 6.1;
						TestTargetID = 881FBC161A2A34DE00B8639F;
					};
				};
			};
			buildConfigurationList = 881FBC121A2A34DE00B8639F /* Build configuration list for PBXProject "swiftTimerAppBeta" */;
			compatibilityVersion = "Xcode 3.2";
			developmentRegion = English;
			hasScannedForEncodings = 0;
			knownRegions = (
				en,
				Base,
			);
			mainGroup = 881FBC0E1A2A34DE00B8639F;
			productRefGroup = 881FBC181A2A34DE00B8639F /* Products */;
			projectDirPath = "";
			projectRoot = "";
			targets = (
				881FBC161A2A34DE00B8639F /* swiftTimerAppBeta */,
				881FBC2B1A2A34DE00B8639F /* swiftTimerAppBetaTests */,
			);
		};
/* End PBXProject section */

/* Begin PBXResourcesBuildPhase section */
		881FBC151A2A34DE00B8639F /* Resources */ = {
			isa = PBXResourcesBuildPhase;
			buildActionMask = 2147483647;
			files = (
				881FBC221A2A34DE00B8639F /* Main.storyboard in Resources */,
				881FBC271A2A34DE00B8639F /* LaunchScreen.xib in Resources */,
				881FBC241A2A34DE00B8639F /* Images.xcassets in Resources */,
			);
			runOnlyForDeploymentPostprocessing = 0;
		};
		881FBC2A1A2A34DE00B8639F /* Resources */ = {
			isa = PBXResourcesBuildPhase;
			buildActionMask = 2147483647;
			files = (
			);
			runOnlyForDeploymentPostprocessing = 0;
		};
/* End PBXResourcesBuildPhase section */

/* Begin PBXSourcesBuildPhase section */
		881FBC131A2A34DE00B8639F /* Sources */ = {
			isa = PBXSourcesBuildPhase;
			buildActionMask = 2147483647;
			files = (
				881FBC3D1A2A6BBA00B8639F /* SavedTimesTableViewController.swift in Sources */,
				881FBC1F1A2A34DE00B8639F /* ViewController.swift in Sources */,
				881FBC1D1A2A34DE00B8639F /* AppDelegate.swift in Sources */,
			);
			runOnlyForDeploymentPostprocessing = 0;
		};
		881FBC281A2A34DE00B8639F /* Sources */ = {
			isa = PBXSourcesBuildPhase;
			buildActionMask = 2147483647;
			files = (
				881FBC331A2A34DE00B8639F /* swiftTimerAppBetaTests.swift in Sources */,
			);
			runOnlyForDeploymentPostprocessing = 0;
		};
/* End PBXSourcesBuildPhase section */

/* Begin PBXTargetDependency section */
		881FBC2E1A2A34DE00B8639F /* PBXTargetDependency */ = {
			isa = PBXTargetDependency;
			target = 881FBC161A2A34DE00B8639F /* swiftTimerAppBeta */;
			targetProxy = 881FBC2D1A2A34DE00B8639F /* PBXContainerItemProxy */;
		};
/* End PBXTargetDependency section */

/* Begin PBXVariantGroup section */
		881FBC201A2A34DE00B8639F /* Main.storyboard */ = {
			isa = PBXVariantGroup;
			children = (
				881FBC211A2A34DE00B8639F /* Base */,
			);
			name = Main.storyboard;
			sourceTree = "<group>";
		};
		881FBC251A2A34DE00B8639F /* LaunchScreen.xib */ = {
			isa = PBXVariantGroup;
			children = (
				881FBC261A2A34DE00B8639F /* Base */,
			);
			name = LaunchScreen.xib;
			sourceTree = "<group>";
		};
/* End PBXVariantGroup section */

/* Begin XCBuildConfiguration section */
		881FBC341A2A34DE00B8639F /* Debug */ = {
			isa = XCBuildConfiguration;
			buildSettings = {
				ALWAYS_SEARCH_USER_PATHS = NO;
				CLANG_CXX_LANGUAGE_STANDARD = "gnu++0x";
				CLANG_CXX_LIBRARY = "libc++";
				CLANG_ENABLE_MODULES = YES;
				CLANG_ENABLE_OBJC_ARC = YES;
				CLANG_WARN_BOOL_CONVERSION = YES;
				CLANG_WARN_CONSTANT_CONVERSION = YES;
				CLANG_WARN_DIRECT_OBJC_ISA_USAGE = YES_ERROR;
				CLANG_WARN_EMPTY_BODY = YES;
				CLANG_WARN_ENUM_CONVERSION = YES;
				CLANG_WARN_INT_CONVERSION = YES;
				CLANG_WARN_OBJC_ROOT_CLASS = YES_ERROR;
				CLANG_WARN_UNREACHABLE_CODE = YES;
				CLANG_WARN__DUPLICATE_METHOD_MATCH = YES;
				"CODE_SIGN_IDENTITY[sdk=iphoneos*]" = "iPhone Developer";
				COPY_PHASE_STRIP = NO;
				ENABLE_STRICT_OBJC_MSGSEND = YES;
				GCC_C_LANGUAGE_STANDARD = gnu99;
				GCC_DYNAMIC_NO_PIC = NO;
				GCC_OPTIMIZATION_LEVEL = 0;
				GCC_PREPROCESSOR_DEFINITIONS = (
					"DEBUG=1",
					"$(inherited)",
				);
				GCC_SYMBOLS_PRIVATE_EXTERN = NO;
				GCC_WARN_64_TO_32_BIT_CONVERSION = YES;
				GCC_WARN_ABOUT_RETURN_TYPE = YES_ERROR;
				GCC_WARN_UNDECLARED_SELECTOR = YES;
				GCC_WARN_UNINITIALIZED_AUTOS = YES_AGGRESSIVE;
				GCC_WARN_UNUSED_FUNCTION = YES;
				GCC_WARN_UNUSED_VARIABLE = YES;
				IPHONEOS_DEPLOYMENT_TARGET = 8.1;
				MTL_ENABLE_DEBUG_INFO = YES;
				ONLY_ACTIVE_ARCH = YES;
				SDKROOT = iphoneos;
				SWIFT_OPTIMIZATION_LEVEL = "-Onone";
			};
			name = Debug;
		};
		881FBC351A2A34DE00B8639F /* Release */ = {
			isa = XCBuildConfiguration;
			buildSettings = {
				ALWAYS_SEARCH_USER_PATHS = NO;
				CLANG_CXX_LANGUAGE_STANDARD = "gnu++0x";
				CLANG_CXX_LIBRARY = "libc++";
				CLANG_ENABLE_MODULES = YES;
				CLANG_ENABLE_OBJC_ARC = YES;
				CLANG_WARN_BOOL_CONVERSION = YES;
				CLANG_WARN_CONSTANT_CONVERSION = YES;
				CLANG_WARN_DIRECT_OBJC_ISA_USAGE = YES_ERROR;
				CLANG_WARN_EMPTY_BODY = YES;
				CLANG_WARN_ENUM_CONVERSION = YES;
				CLANG_WARN_INT_CONVERSION = YES;
				CLANG_WARN_OBJC_ROOT_CLASS = YES_ERROR;
				CLANG_WARN_UNREACHABLE_CODE = YES;
				CLANG_WARN__DUPLICATE_METHOD_MATCH = YES;
				"CODE_SIGN_IDENTITY[sdk=iphoneos*]" = "iPhone Developer";
				COPY_PHASE_STRIP = YES;
				ENABLE_NS_ASSERTIONS = NO;
				ENABLE_STRICT_OBJC_MSGSEND = YES;
				GCC_C_LANGUAGE_STANDARD = gnu99;
				GCC_WARN_64_TO_32_BIT_CONVERSION = YES;
				GCC_WARN_ABOUT_RETURN_TYPE = YES_ERROR;
				GCC_WARN_UNDECLARED_SELECTOR = YES;
				GCC_WARN_UNINITIALIZED_AUTOS = YES_AGGRESSIVE;
				GCC_WARN_UNUSED_FUNCTION = YES;
				GCC_WARN_UNUSED_VARIABLE = YES;
				IPHONEOS_DEPLOYMENT_TARGET = 8.1;
				MTL_ENABLE_DEBUG_INFO = NO;
				SDKROOT = iphoneos;
				VALIDATE_PRODUCT = YES;
			};
			name = Release;
		};
		881FBC371A2A34DE00B8639F /* Debug */ = {
			isa = XCBuildConfiguration;
			buildSettings = {
				ASSETCATALOG_COMPILER_APPICON_NAME = AppIcon;
				INFOPLIST_FILE = swiftTimerAppBeta/Info.plist;
				LD_RUNPATH_SEARCH_PATHS = "$(inherited) @executable_path/Frameworks";
				PRODUCT_NAME = "$(TARGET_NAME)";
			};
			name = Debug;
		};
		881FBC381A2A34DE00B8639F /* Release */ = {
			isa = XCBuildConfiguration;
			buildSettings = {
				ASSETCATALOG_COMPILER_APPICON_NAME = AppIcon;
				INFOPLIST_FILE = swiftTimerAppBeta/Info.plist;
				LD_RUNPATH_SEARCH_PATHS = "$(inherited) @executable_path/Frameworks";
				PRODUCT_NAME = "$(TARGET_NAME)";
			};
			name = Release;
		};
		881FBC3A1A2A34DE00B8639F /* Debug */ = {
			isa = XCBuildConfiguration;
			buildSettings = {
				BUNDLE_LOADER = "$(TEST_HOST)";
				FRAMEWORK_SEARCH_PATHS = (
					"$(SDKROOT)/Developer/Library/Frameworks",
					"$(inherited)",
				);
				GCC_PREPROCESSOR_DEFINITIONS = (
					"DEBUG=1",
					"$(inherited)",
				);
				INFOPLIST_FILE = swiftTimerAppBetaTests/Info.plist;
				LD_RUNPATH_SEARCH_PATHS = "$(inherited) @executable_path/Frameworks @loader_path/Frameworks";
				PRODUCT_NAME = "$(TARGET_NAME)";
				TEST_HOST = "$(BUILT_PRODUCTS_DIR)/swiftTimerAppBeta.app/swiftTimerAppBeta";
			};
			name = Debug;
		};
		881FBC3B1A2A34DE00B8639F /* Release */ = {
			isa = XCBuildConfiguration;
			buildSettings = {
				BUNDLE_LOADER = "$(TEST_HOST)";
				FRAMEWORK_SEARCH_PATHS = (
					"$(SDKROOT)/Developer/Library/Frameworks",
					"$(inherited)",
				);
				INFOPLIST_FILE = swiftTimerAppBetaTests/Info.plist;
				LD_RUNPATH_SEARCH_PATHS = "$(inherited) @executable_path/Frameworks @loader_path/Frameworks";
				PRODUCT_NAME = "$(TARGET_NAME)";
				TEST_HOST = "$(BUILT_PRODUCTS_DIR)/swiftTimerAppBeta.app/swiftTimerAppBeta";
			};
			name = Release;
		};
/* End XCBuildConfiguration section */

/* Begin XCConfigurationList section */
		881FBC121A2A34DE00B8639F /* Build configuration list for PBXProject "swiftTimerAppBeta" */ = {
			isa = XCConfigurationList;
			buildConfigurations = (
				881FBC341A2A34DE00B8639F /* Debug */,
				881FBC351A2A34DE00B8639F /* Release */,
			);
			defaultConfigurationIsVisible = 0;
			defaultConfigurationName = Release;
		};
		881FBC361A2A34DE00B8639F /* Build configuration list for PBXNativeTarget "swiftTimerAppBeta" */ = {
			isa = XCConfigurationList;
			buildConfigurations = (
				881FBC371A2A34DE00B8639F /* Debug */,
				881FBC381A2A34DE00B8639F /* Release */,
			);
			defaultConfigurationIsVisible = 0;
		};
		881FBC391A2A34DE00B8639F /* Build configuration list for PBXNativeTarget "swiftTimerAppBetaTests" */ = {
			isa = XCConfigurationList;
			buildConfigurations = (
				881FBC3A1A2A34DE00B8639F /* Debug */,
				881FBC3B1A2A34DE00B8639F /* Release */,
			);
			defaultConfigurationIsVisible = 0;
		};
/* End XCConfigurationList section */
	};
	rootObject = 881FBC0F1A2A34DE00B8639F /* Project object */;
}
